// !$*UTF8*$!
{
	archiveVersion = 1;
	classes = {
	};
	objectVersion = 46;
	objects = {

/* Begin PBXBuildFile section */
		74AE68101A8A0FE900D6604A /* main.cpp in Sources */ = {isa = PBXBuildFile; fileRef = 74AE680F1A8A0FE900D6604A /* main.cpp */; };
		74AE68181A8A26C400D6604A /* Exercises.cpp in Sources */ = {isa = PBXBuildFile; fileRef = 74AE68161A8A26C400D6604A /* Exercises.cpp */; };
/* End PBXBuildFile section */

/* Begin PBXCopyFilesBuildPhase section */
		74AE680A1A8A0FE900D6604A /* CopyFiles */ = {
			isa = PBXCopyFilesBuildPhase;
			buildActionMask = 2147483647;
			dstPath = /usr/share/man/man1/;
			dstSubfolderSpec = 0;
			files = (
			);
			runOnlyForDeploymentPostprocessing = 1;
		};
/* End PBXCopyFilesBuildPhase section */

/* Begin PBXFileReference section */
		74AE680C1A8A0FE900D6604A /* Labo 1 */ = {isa = PBXFileReference; explicitFileType = "compiled.mach-o.executable"; includeInIndex = 0; path = "Labo 1"; sourceTree = BUILT_PRODUCTS_DIR; };
		74AE680F1A8A0FE900D6604A /* main.cpp */ = {isa = PBXFileReference; lastKnownFileType = sourcecode.cpp.cpp; path = main.cpp; sourceTree = "<group>"; };
		74AE68161A8A26C400D6604A /* Exercises.cpp */ = {isa = PBXFileReference; fileEncoding = 4; lastKnownFileType = sourcecode.cpp.cpp; path = Exercises.cpp; sourceTree = "<group>"; };
		74AE68171A8A26C400D6604A /* Exercises.h */ = {isa = PBXFileReference; fileEncoding = 4; lastKnownFileType = sourcecode.c.h; path = Exercises.h; sourceTree = "<group>"; };
/* End PBXFileReference section */

/* Begin PBXFrameworksBuildPhase section */
		74AE68091A8A0FE900D6604A /* Frameworks */ = {
			isa = PBXFrameworksBuildPhase;
			buildActionMask = 2147483647;
			files = (
			);
			runOnlyForDeploymentPostprocessing = 0;
		};
/* End PBXFrameworksBuildPhase section */

/* Begin PBXGroup section */
		74AE68031A8A0FE900D6604A = {
			isa = PBXGroup;
			children = (
				74AE680E1A8A0FE900D6604A /* Class 1 */,
				74AE680D1A8A0FE900D6604A /* Products */,
			);
			sourceTree = "<group>";
		};
		74AE680D1A8A0FE900D6604A /* Products */ = {
			isa = PBXGroup;
			children = (
				74AE680C1A8A0FE900D6604A /* Labo 1 */,
			);
			name = Products;
			sourceTree = "<group>";
		};
		74AE680E1A8A0FE900D6604A /* Class 1 */ = {
			isa = PBXGroup;
			children = (
				74AE680F1A8A0FE900D6604A /* main.cpp */,
				74AE68161A8A26C400D6604A /* Exercises.cpp */,
				74AE68171A8A26C400D6604A /* Exercises.h */,
			);
			path = "Class 1";
			sourceTree = "<group>";
		};
/* End PBXGroup section */

/* Begin PBXNativeTarget section */
		74AE680B1A8A0FE900D6604A /* Labo 1 */ = {
			isa = PBXNativeTarget;
			buildConfigurationList = 74AE68131A8A0FE900D6604A /* Build configuration list for PBXNativeTarget "Labo 1" */;
			buildPhases = (
				74AE68081A8A0FE900D6604A /* Sources */,
				74AE68091A8A0FE900D6604A /* Frameworks */,
				74AE680A1A8A0FE900D6604A /* CopyFiles */,
			);
			buildRules = (
			);
			dependencies = (
			);
			name = "Labo 1";
			productName = "Class 1";
			productReference = 74AE680C1A8A0FE900D6604A /* Labo 1 */;
			productType = "com.apple.product-type.tool";
		};
/* End PBXNativeTarget section */

/* Begin PBXProject section */
		74AE68041A8A0FE900D6604A /* Project object */ = {
			isa = PBXProject;
			attributes = {
				LastUpgradeCheck = 0610;
				ORGANIZATIONNAME = "Damiaan Dufaux";
				TargetAttributes = {
					74AE680B1A8A0FE900D6604A = {
						CreatedOnToolsVersion = 6.1.1;
					};
				};
			};
			buildConfigurationList = 74AE68071A8A0FE900D6604A /* Build configuration list for PBXProject "Labo 1" */;
			compatibilityVersion = "Xcode 3.2";
			developmentRegion = English;
			hasScannedForEncodings = 0;
			knownRegions = (
				en,
			);
			mainGroup = 74AE68031A8A0FE900D6604A;
			productRefGroup = 74AE680D1A8A0FE900D6604A /* Products */;
			projectDirPath = "";
			projectRoot = "";
			targets = (
				74AE680B1A8A0FE900D6604A /* Labo 1 */,
			);
		};
/* End PBXProject section */

/* Begin PBXSourcesBuildPhase section */
		74AE68081A8A0FE900D6604A /* Sources */ = {
			isa = PBXSourcesBuildPhase;
			buildActionMask = 2147483647;
			files = (
				74AE68101A8A0FE900D6604A /* main.cpp in Sources */,
				74AE68181A8A26C400D6604A /* Exercises.cpp in Sources */,
			);
			runOnlyForDeploymentPostprocessing = 0;
		};
/* End PBXSourcesBuildPhase section */

/* Begin XCBuildConfiguration section */
		74AE68111A8A0FE900D6604A /* Debug */ = {
			isa = XCBuildConfiguration;
			buildSettings = {
				ALWAYS_SEARCH_USER_PATHS = NO;
				CLANG_CXX_LANGUAGE_STANDARD = "gnu++0x";
				CLANG_CXX_LIBRARY = "libc++";
				CLANG_ENABLE_MODULES = YES;
				CLANG_ENABLE_OBJC_ARC = YES;
				CLANG_WARN_BOOL_CONVERSION = YES;
				CLANG_WARN_CONSTANT_CONVERSION = YES;
				CLANG_WARN_DIRECT_OBJC_ISA_USAGE = YES_ERROR;
				CLANG_WARN_EMPTY_BODY = YES;
				CLANG_WARN_ENUM_CONVERSION = YES;
				CLANG_WARN_INT_CONVERSION = YES;
				CLANG_WARN_OBJC_ROOT_CLASS = YES_ERROR;
				CLANG_WARN_UNREACHABLE_CODE = YES;
				CLANG_WARN__DUPLICATE_METHOD_MATCH = YES;
				COPY_PHASE_STRIP = NO;
				ENABLE_STRICT_OBJC_MSGSEND = YES;
				GCC_C_LANGUAGE_STANDARD = gnu99;
				GCC_DYNAMIC_NO_PIC = NO;
				GCC_OPTIMIZATION_LEVEL = 0;
				GCC_PREPROCESSOR_DEFINITIONS = (
					"DEBUG=1",
					"$(inherited)",
				);
				GCC_SYMBOLS_PRIVATE_EXTERN = NO;
				GCC_WARN_64_TO_32_BIT_CONVERSION = YES;
				GCC_WARN_ABOUT_RETURN_TYPE = YES_ERROR;
				GCC_WARN_UNDECLARED_SELECTOR = YES;
				GCC_WARN_UNINITIALIZED_AUTOS = YES_AGGRESSIVE;
				GCC_WARN_UNUSED_FUNCTION = YES;
				GCC_WARN_UNUSED_VARIABLE = YES;
				MACOSX_DEPLOYMENT_TARGET = 10.10;
				MTL_ENABLE_DEBUG_INFO = YES;
				ONLY_ACTIVE_ARCH = YES;
				SDKROOT = macosx;
			};
			name = Debug;
		};
		74AE68121A8A0FE900D6604A /* Release */ = {
			isa = XCBuildConfiguration;
			buildSettings = {
				ALWAYS_SEARCH_USER_PATHS = NO;
				CLANG_CXX_LANGUAGE_STANDARD = "gnu++0x";
				CLANG_CXX_LIBRARY = "libc++";
				CLANG_ENABLE_MODULES = YES;
				CLANG_ENABLE_OBJC_ARC = YES;
				CLANG_WARN_BOOL_CONVERSION = YES;
				CLANG_WARN_CONSTANT_CONVERSION = YES;
				CLANG_WARN_DIRECT_OBJC_ISA_USAGE = YES_ERROR;
				CLANG_WARN_EMPTY_BODY = YES;
				CLANG_WARN_ENUM_CONVERSION = YES;
				CLANG_WARN_INT_CONVERSION = YES;
				CLANG_WARN_OBJC_ROOT_CLASS = YES_ERROR;
				CLANG_WARN_UNREACHABLE_CODE = YES;
				CLANG_WARN__DUPLICATE_METHOD_MATCH = YES;
				COPY_PHASE_STRIP = YES;
				DEBUG_INFORMATION_FORMAT = "dwarf-with-dsym";
				ENABLE_NS_ASSERTIONS = NO;
				ENABLE_STRICT_OBJC_MSGSEND = YES;
				GCC_C_LANGUAGE_STANDARD = gnu99;
				GCC_WARN_64_TO_32_BIT_CONVERSION = YES;
				GCC_WARN_ABOUT_RETURN_TYPE = YES_ERROR;
				GCC_WARN_UNDECLARED_SELECTOR = YES;
				GCC_WARN_UNINITIALIZED_AUTOS = YES_AGGRESSIVE;
				GCC_WARN_UNUSED_FUNCTION = YES;
				GCC_WARN_UNUSED_VARIABLE = YES;
				MACOSX_DEPLOYMENT_TARGET = 10.10;
				MTL_ENABLE_DEBUG_INFO = NO;
				SDKROOT = macosx;
			};
			name = Release;
		};
		74AE68141A8A0FE900D6604A /* Debug */ = {
			isa = XCBuildConfiguration;
			buildSettings = {
				PRODUCT_NAME = "Labo 1";
			};
			name = Debug;
		};
		74AE68151A8A0FE900D6604A /* Release */ = {
			isa = XCBuildConfiguration;
			buildSettings = {
				PRODUCT_NAME = "Labo 1";
			};
			name = Release;
		};
/* End XCBuildConfiguration section */

/* Begin XCConfigurationList section */
		74AE68071A8A0FE900D6604A /* Build configuration list for PBXProject "Labo 1" */ = {
			isa = XCConfigurationList;
			buildConfigurations = (
				74AE68111A8A0FE900D6604A /* Debug */,
				74AE68121A8A0FE900D6604A /* Release */,
			);
			defaultConfigurationIsVisible = 0;
			defaultConfigurationName = Release;
		};
		74AE68131A8A0FE900D6604A /* Build configuration list for PBXNativeTarget "Labo 1" */ = {
			isa = XCConfigurationList;
			buildConfigurations = (
				74AE68141A8A0FE900D6604A /* Debug */,
				74AE68151A8A0FE900D6604A /* Release */,
			);
			defaultConfigurationIsVisible = 0;
			defaultConfigurationName = Release;
		};
/* End XCConfigurationList section */
	};
	rootObject = 74AE68041A8A0FE900D6604A /* Project object */;
}
